
Microsoft Visual Studio Solution File, Format Version 12.00
# Visual Studio Version 17
VisualStudioVersion = 17.14.36511.14 d17.14
MinimumVisualStudioVersion = 10.0.40219.1
Project("{FAE04EC0-301F-11D3-BF4B-00C04F79EFBC}") = "StarMapViewer", "StarMapViewer\StarMapViewer.csproj", "{7D52A118-05C8-43DC-9EDE-3AF2BA61099F}"
EndProject
Global
	GlobalSection(SolutionConfigurationPlatforms) = preSolution
		Debug|Any CPU = Debug|Any CPU
		Release|Any CPU = Release|Any CPU
	EndGlobalSection
	GlobalSection(ProjectConfigurationPlatforms) = postSolution
		{7D52A118-05C8-43DC-9EDE-3AF2BA61099F}.Debug|Any CPU.ActiveCfg = Debug|Any CPU
		{7D52A118-05C8-43DC-9EDE-3AF2BA61099F}.Debug|Any CPU.Build.0 = Debug|Any CPU
		{7D52A118-05C8-43DC-9EDE-3AF2BA61099F}.Release|Any CPU.ActiveCfg = Release|Any CPU
		{7D52A118-05C8-43DC-9EDE-3AF2BA61099F}.Release|Any CPU.Build.0 = Release|Any CPU
	EndGlobalSection
	GlobalSection(SolutionProperties) = preSolution
		HideSolutionNode = FALSE
	EndGlobalSection
	GlobalSection(ExtensibilityGlobals) = postSolution
		SolutionGuid = {6F67AE68-DE91-4D7E-AC6E-D20D61A513C3}
	EndGlobalSection
EndGlobal
